
Microsoft Visual Studio Solution File, Format Version 12.00
# Visual Studio Version 16
VisualStudioVersion = 16.0.30309.148
MinimumVisualStudioVersion = 10.0.40219.1
Project("{FAE04EC0-301F-11D3-BF4B-00C04F79EFBC}") = "MessageAPI", "MessageAPI\MessageAPI.csproj", "{D27109EF-EF01-4BDF-89A4-AD7740B8CE96}"
EndProject
Global
	GlobalSection(SolutionConfigurationPlatforms) = preSolution
		Debug|Any CPU = Debug|Any CPU
		Release|Any CPU = Release|Any CPU
	EndGlobalSection
	GlobalSection(ProjectConfigurationPlatforms) = postSolution
		{D27109EF-EF01-4BDF-89A4-AD7740B8CE96}.Debug|Any CPU.ActiveCfg = Debug|Any CPU
		{D27109EF-EF01-4BDF-89A4-AD7740B8CE96}.Debug|Any CPU.Build.0 = Debug|Any CPU
		{D27109EF-EF01-4BDF-89A4-AD7740B8CE96}.Release|Any CPU.ActiveCfg = Release|Any CPU
		{D27109EF-EF01-4BDF-89A4-AD7740B8CE96}.Release|Any CPU.Build.0 = Release|Any CPU
	EndGlobalSection
	GlobalSection(SolutionProperties) = preSolution
		HideSolutionNode = FALSE
	EndGlobalSection
	GlobalSection(ExtensibilityGlobals) = postSolution
		SolutionGuid = {D448FA7A-6F8B-4730-BCD0-447C9E8DF169}
	EndGlobalSection
EndGlobal
